
Microsoft Visual Studio Solution File, Format Version 12.00
# Visual Studio 15
VisualStudioVersion = 15.0.28307.421
MinimumVisualStudioVersion = 10.0.40219.1
Project("{FAE04EC0-301F-11D3-BF4B-00C04F79EFBC}") = "Wstep", "Wstep\Wstep.csproj", "{71EB7C77-CEEB-4CAD-82B8-B37B2EA252E2}"
EndProject
Global
	GlobalSection(SolutionConfigurationPlatforms) = preSolution
		Debug|Any CPU = Debug|Any CPU
		Release|Any CPU = Release|Any CPU
	EndGlobalSection
	GlobalSection(ProjectConfigurationPlatforms) = postSolution
		{71EB7C77-CEEB-4CAD-82B8-B37B2EA252E2}.Debug|Any CPU.ActiveCfg = Debug|Any CPU
		{71EB7C77-CEEB-4CAD-82B8-B37B2EA252E2}.Debug|Any CPU.Build.0 = Debug|Any CPU
		{71EB7C77-CEEB-4CAD-82B8-B37B2EA252E2}.Release|Any CPU.ActiveCfg = Release|Any CPU
		{71EB7C77-CEEB-4CAD-82B8-B37B2EA252E2}.Release|Any CPU.Build.0 = Release|Any CPU
	EndGlobalSection
	GlobalSection(SolutionProperties) = preSolution
		HideSolutionNode = FALSE
	EndGlobalSection
	GlobalSection(ExtensibilityGlobals) = postSolution
		SolutionGuid = {0F264F81-4BC2-4AD7-9DB1-1F6E6C80926F}
	EndGlobalSection
EndGlobal
